
Microsoft Visual Studio Solution File, Format Version 12.00
# Visual Studio Version 17
VisualStudioVersion = 17.3.32922.545
MinimumVisualStudioVersion = 10.0.40219.1
Project("{FAE04EC0-301F-11D3-BF4B-00C04F79EFBC}") = "pr4", "pr4.csproj", "{C155E833-9404-440A-92FD-864BF7CF3D42}"
EndProject
Global
	GlobalSection(SolutionConfigurationPlatforms) = preSolution
		Debug|Any CPU = Debug|Any CPU
		Release|Any CPU = Release|Any CPU
	EndGlobalSection
	GlobalSection(ProjectConfigurationPlatforms) = postSolution
		{C155E833-9404-440A-92FD-864BF7CF3D42}.Debug|Any CPU.ActiveCfg = Debug|Any CPU
		{C155E833-9404-440A-92FD-864BF7CF3D42}.Debug|Any CPU.Build.0 = Debug|Any CPU
		{C155E833-9404-440A-92FD-864BF7CF3D42}.Release|Any CPU.ActiveCfg = Release|Any CPU
		{C155E833-9404-440A-92FD-864BF7CF3D42}.Release|Any CPU.Build.0 = Release|Any CPU
	EndGlobalSection
	GlobalSection(SolutionProperties) = preSolution
		HideSolutionNode = FALSE
	EndGlobalSection
	GlobalSection(ExtensibilityGlobals) = postSolution
		SolutionGuid = {CC93B6A9-BF39-4941-99C0-F6120BADF53C}
	EndGlobalSection
EndGlobal
